
Microsoft Visual Studio Solution File, Format Version 12.00
# Visual Studio Version 17
VisualStudioVersion = 17.9.34723.18
MinimumVisualStudioVersion = 10.0.40219.1
Project("{FAE04EC0-301F-11D3-BF4B-00C04F79EFBC}") = "Variate", "Variate\Variate.csproj", "{C562F289-A785-40BA-861A-53645AA9FF63}"
EndProject
Global
	GlobalSection(SolutionConfigurationPlatforms) = preSolution
		Debug|Any CPU = Debug|Any CPU
		Release|Any CPU = Release|Any CPU
	EndGlobalSection
	GlobalSection(ProjectConfigurationPlatforms) = postSolution
		{C562F289-A785-40BA-861A-53645AA9FF63}.Debug|Any CPU.ActiveCfg = Debug|Any CPU
		{C562F289-A785-40BA-861A-53645AA9FF63}.Debug|Any CPU.Build.0 = Debug|Any CPU
		{C562F289-A785-40BA-861A-53645AA9FF63}.Release|Any CPU.ActiveCfg = Release|Any CPU
		{C562F289-A785-40BA-861A-53645AA9FF63}.Release|Any CPU.Build.0 = Release|Any CPU
	EndGlobalSection
	GlobalSection(SolutionProperties) = preSolution
		HideSolutionNode = FALSE
	EndGlobalSection
	GlobalSection(ExtensibilityGlobals) = postSolution
		SolutionGuid = {00805D3A-89E1-4B8A-A62B-173E01807709}
	EndGlobalSection
EndGlobal
