
Microsoft Visual Studio Solution File, Format Version 12.00
# Visual Studio Version 17
VisualStudioVersion = 17.9.34701.34
MinimumVisualStudioVersion = 10.0.40219.1
Project("{FAE04EC0-301F-11D3-BF4B-00C04F79EFBC}") = "variate", "variate.csproj", "{D2CDB428-AEF3-4558-998E-B82D550FB49E}"
EndProject
Global
	GlobalSection(SolutionConfigurationPlatforms) = preSolution
		Debug|Any CPU = Debug|Any CPU
		Release|Any CPU = Release|Any CPU
	EndGlobalSection
	GlobalSection(ProjectConfigurationPlatforms) = postSolution
		{D2CDB428-AEF3-4558-998E-B82D550FB49E}.Debug|Any CPU.ActiveCfg = Debug|Any CPU
		{D2CDB428-AEF3-4558-998E-B82D550FB49E}.Debug|Any CPU.Build.0 = Debug|Any CPU
		{D2CDB428-AEF3-4558-998E-B82D550FB49E}.Release|Any CPU.ActiveCfg = Release|Any CPU
		{D2CDB428-AEF3-4558-998E-B82D550FB49E}.Release|Any CPU.Build.0 = Release|Any CPU
	EndGlobalSection
	GlobalSection(SolutionProperties) = preSolution
		HideSolutionNode = FALSE
	EndGlobalSection
	GlobalSection(ExtensibilityGlobals) = postSolution
		SolutionGuid = {EED879DC-7ACB-44EF-B069-2F256B8948BA}
	EndGlobalSection
EndGlobal
