
Microsoft Visual Studio Solution File, Format Version 12.00
# Visual Studio Version 17
VisualStudioVersion = 17.0.31903.59
MinimumVisualStudioVersion = 10.0.40219.1
Project("{FAE04EC0-301F-11D3-BF4B-00C04F79EFBC}") = "Variate", "Variate\Variate.csproj", "{F0A105DB-75E5-4575-BC3D-9B4705C2BB6A}"
EndProject
Project("{2150E333-8FDC-42A3-9474-1A3956D46DE8}") = "Dtos", "Dtos", "{7036AB97-BCA0-4AFB-A387-FB404E3CF0DE}"
	ProjectSection(SolutionItems) = preProject
		ProductDto.cs = ProductDto.cs
	EndProjectSection
EndProject
Project("{2150E333-8FDC-42A3-9474-1A3956D46DE8}") = "Endpoints", "Endpoints", "{9BC3C976-4058-4EEC-9C17-2E6FE40CC3BE}"
	ProjectSection(SolutionItems) = preProject
		ProductsEndPoints.cs = ProductsEndPoints.cs
	EndProjectSection
EndProject
Global
	GlobalSection(SolutionConfigurationPlatforms) = preSolution
		Debug|Any CPU = Debug|Any CPU
		Release|Any CPU = Release|Any CPU
	EndGlobalSection
	GlobalSection(ProjectConfigurationPlatforms) = postSolution
		{F0A105DB-75E5-4575-BC3D-9B4705C2BB6A}.Debug|Any CPU.ActiveCfg = Debug|Any CPU
		{F0A105DB-75E5-4575-BC3D-9B4705C2BB6A}.Debug|Any CPU.Build.0 = Debug|Any CPU
		{F0A105DB-75E5-4575-BC3D-9B4705C2BB6A}.Release|Any CPU.ActiveCfg = Release|Any CPU
		{F0A105DB-75E5-4575-BC3D-9B4705C2BB6A}.Release|Any CPU.Build.0 = Release|Any CPU
	EndGlobalSection
	GlobalSection(SolutionProperties) = preSolution
		HideSolutionNode = FALSE
	EndGlobalSection
EndGlobal
